
Microsoft Visual Studio Solution File, Format Version 12.00
# Visual Studio Version 17
VisualStudioVersion = 17.14.36301.6 d17.14
MinimumVisualStudioVersion = 10.0.40219.1
Project("{FAE04EC0-301F-11D3-BF4B-00C04F79EFBC}") = "BTTH_Bai8", "BTTH_Bai8.csproj", "{AE4E7E64-E0CB-4FED-AD82-D1EEA1CD303F}"
EndProject
Global
	GlobalSection(SolutionConfigurationPlatforms) = preSolution
		Debug|Any CPU = Debug|Any CPU
		Release|Any CPU = Release|Any CPU
	EndGlobalSection
	GlobalSection(ProjectConfigurationPlatforms) = postSolution
		{AE4E7E64-E0CB-4FED-AD82-D1EEA1CD303F}.Debug|Any CPU.ActiveCfg = Debug|Any CPU
		{AE4E7E64-E0CB-4FED-AD82-D1EEA1CD303F}.Debug|Any CPU.Build.0 = Debug|Any CPU
		{AE4E7E64-E0CB-4FED-AD82-D1EEA1CD303F}.Release|Any CPU.ActiveCfg = Release|Any CPU
		{AE4E7E64-E0CB-4FED-AD82-D1EEA1CD303F}.Release|Any CPU.Build.0 = Release|Any CPU
	EndGlobalSection
	GlobalSection(SolutionProperties) = preSolution
		HideSolutionNode = FALSE
	EndGlobalSection
	GlobalSection(ExtensibilityGlobals) = postSolution
		SolutionGuid = {21310588-BC56-4AA3-8CA5-0DAFC05C8EE4}
	EndGlobalSection
EndGlobal
