
Microsoft Visual Studio Solution File, Format Version 12.00
# Visual Studio Version 17
VisualStudioVersion = 17.14.36301.6 d17.14
MinimumVisualStudioVersion = 10.0.40219.1
Project("{FAE04EC0-301F-11D3-BF4B-00C04F79EFBC}") = "TH3_Bai6", "TH3_Bai6.csproj", "{B13A1A74-8F23-432F-9755-492EE2DA46E8}"
EndProject
Global
	GlobalSection(SolutionConfigurationPlatforms) = preSolution
		Debug|Any CPU = Debug|Any CPU
		Release|Any CPU = Release|Any CPU
	EndGlobalSection
	GlobalSection(ProjectConfigurationPlatforms) = postSolution
		{B13A1A74-8F23-432F-9755-492EE2DA46E8}.Debug|Any CPU.ActiveCfg = Debug|Any CPU
		{B13A1A74-8F23-432F-9755-492EE2DA46E8}.Debug|Any CPU.Build.0 = Debug|Any CPU
		{B13A1A74-8F23-432F-9755-492EE2DA46E8}.Release|Any CPU.ActiveCfg = Release|Any CPU
		{B13A1A74-8F23-432F-9755-492EE2DA46E8}.Release|Any CPU.Build.0 = Release|Any CPU
	EndGlobalSection
	GlobalSection(SolutionProperties) = preSolution
		HideSolutionNode = FALSE
	EndGlobalSection
	GlobalSection(ExtensibilityGlobals) = postSolution
		SolutionGuid = {D5C3DF1A-0E97-4F8C-800D-6F163C98916F}
	EndGlobalSection
EndGlobal
